
Microsoft Visual Studio Solution File, Format Version 12.00
# Visual Studio Version 17
VisualStudioVersion = 17.0.31903.59
MinimumVisualStudioVersion = 10.0.40219.1
Project("{9A19103F-16F7-4668-BE54-9A1E7A4F7556}") = "LibrarySystem.DataAccess", "LibrarySystem.DataAccess\LibrarySystem.DataAccess.csproj", "{B8D21251-2529-466A-B304-D80834A55E06}"
EndProject
Project("{9A19103F-16F7-4668-BE54-9A1E7A4F7556}") = "LibrarySystem.Domain", "LibrarySystem.Domain\LibrarySystem.Domain.csproj", "{EC5825DF-0702-44D7-8FA0-840867F13B4E}"
EndProject
Project("{9A19103F-16F7-4668-BE54-9A1E7A4F7556}") = "LibrarySystem.Application", "LibrarySystem.Application\LibrarySystem.Application.csproj", "{D82C33E8-F727-4691-B0F1-5AB2FA276355}"
EndProject
Project("{2150E333-8FDC-42A3-9474-1A3956D46DE8}") = "infrastructure", "infrastructure", "{4A2BBF7F-BBB4-4321-ADEE-6A8AFEFF4FC2}"
EndProject
Project("{FAE04EC0-301F-11D3-BF4B-00C04F79EFBC}") = "LibrarySystem.API", "LibrarySystem.API\LibrarySystem.API.csproj", "{81E0A991-C6F4-41A9-8E0E-1D5C9EE6E742}"
	ProjectSection(ProjectDependencies) = postProject
		{B8D21251-2529-466A-B304-D80834A55E06} = {B8D21251-2529-466A-B304-D80834A55E06}
		{D82C33E8-F727-4691-B0F1-5AB2FA276355} = {D82C33E8-F727-4691-B0F1-5AB2FA276355}
	EndProjectSection
EndProject
Project("{FAE04EC0-301F-11D3-BF4B-00C04F79EFBC}") = "Logging.Domain", "Logging.Domain\Logging.Domain.csproj", "{D3A76C32-7AF4-4AF0-92BF-76C3EAF80932}"
EndProject
Project("{FAE04EC0-301F-11D3-BF4B-00C04F79EFBC}") = "Logging.Application", "Logging.Application\Logging.Application.csproj", "{481AFC09-969A-485A-9002-3EBEBA487C73}"
EndProject
Project("{FAE04EC0-301F-11D3-BF4B-00C04F79EFBC}") = "Logging.Infrastructure", "Logging.Infrastructure\Logging.Infrastructure.csproj", "{FFFAD9E8-5A4E-4FD5-B980-78335ED9AD46}"
EndProject
Project("{FAE04EC0-301F-11D3-BF4B-00C04F79EFBC}") = "Logging.API", "Logging.API\Logging.API.csproj", "{6D924137-8841-40E6-9A0C-C166757B062C}"
EndProject
Global
	GlobalSection(SolutionConfigurationPlatforms) = preSolution
		Debug|Any CPU = Debug|Any CPU
		Debug|x64 = Debug|x64
		Debug|x86 = Debug|x86
		Release|Any CPU = Release|Any CPU
		Release|x64 = Release|x64
		Release|x86 = Release|x86
	EndGlobalSection
	GlobalSection(ProjectConfigurationPlatforms) = postSolution
		{B8D21251-2529-466A-B304-D80834A55E06}.Debug|Any CPU.ActiveCfg = Debug|Any CPU
		{B8D21251-2529-466A-B304-D80834A55E06}.Debug|Any CPU.Build.0 = Debug|Any CPU
		{B8D21251-2529-466A-B304-D80834A55E06}.Debug|x64.ActiveCfg = Debug|Any CPU
		{B8D21251-2529-466A-B304-D80834A55E06}.Debug|x64.Build.0 = Debug|Any CPU
		{B8D21251-2529-466A-B304-D80834A55E06}.Debug|x86.ActiveCfg = Debug|Any CPU
		{B8D21251-2529-466A-B304-D80834A55E06}.Debug|x86.Build.0 = Debug|Any CPU
		{B8D21251-2529-466A-B304-D80834A55E06}.Release|Any CPU.ActiveCfg = Release|Any CPU
		{B8D21251-2529-466A-B304-D80834A55E06}.Release|Any CPU.Build.0 = Release|Any CPU
		{B8D21251-2529-466A-B304-D80834A55E06}.Release|x64.ActiveCfg = Release|Any CPU
		{B8D21251-2529-466A-B304-D80834A55E06}.Release|x64.Build.0 = Release|Any CPU
		{B8D21251-2529-466A-B304-D80834A55E06}.Release|x86.ActiveCfg = Release|Any CPU
		{B8D21251-2529-466A-B304-D80834A55E06}.Release|x86.Build.0 = Release|Any CPU
		{EC5825DF-0702-44D7-8FA0-840867F13B4E}.Debug|Any CPU.ActiveCfg = Debug|Any CPU
		{EC5825DF-0702-44D7-8FA0-840867F13B4E}.Debug|Any CPU.Build.0 = Debug|Any CPU
		{EC5825DF-0702-44D7-8FA0-840867F13B4E}.Debug|x64.ActiveCfg = Debug|Any CPU
		{EC5825DF-0702-44D7-8FA0-840867F13B4E}.Debug|x64.Build.0 = Debug|Any CPU
		{EC5825DF-0702-44D7-8FA0-840867F13B4E}.Debug|x86.ActiveCfg = Debug|Any CPU
		{EC5825DF-0702-44D7-8FA0-840867F13B4E}.Debug|x86.Build.0 = Debug|Any CPU
		{EC5825DF-0702-44D7-8FA0-840867F13B4E}.Release|Any CPU.ActiveCfg = Release|Any CPU
		{EC5825DF-0702-44D7-8FA0-840867F13B4E}.Release|Any CPU.Build.0 = Release|Any CPU
		{EC5825DF-0702-44D7-8FA0-840867F13B4E}.Release|x64.ActiveCfg = Release|Any CPU
		{EC5825DF-0702-44D7-8FA0-840867F13B4E}.Release|x64.Build.0 = Release|Any CPU
		{EC5825DF-0702-44D7-8FA0-840867F13B4E}.Release|x86.ActiveCfg = Release|Any CPU
		{EC5825DF-0702-44D7-8FA0-840867F13B4E}.Release|x86.Build.0 = Release|Any CPU
		{D82C33E8-F727-4691-B0F1-5AB2FA276355}.Debug|Any CPU.ActiveCfg = Debug|Any CPU
		{D82C33E8-F727-4691-B0F1-5AB2FA276355}.Debug|Any CPU.Build.0 = Debug|Any CPU
		{D82C33E8-F727-4691-B0F1-5AB2FA276355}.Debug|x64.ActiveCfg = Debug|Any CPU
		{D82C33E8-F727-4691-B0F1-5AB2FA276355}.Debug|x64.Build.0 = Debug|Any CPU
		{D82C33E8-F727-4691-B0F1-5AB2FA276355}.Debug|x86.ActiveCfg = Debug|Any CPU
		{D82C33E8-F727-4691-B0F1-5AB2FA276355}.Debug|x86.Build.0 = Debug|Any CPU
		{D82C33E8-F727-4691-B0F1-5AB2FA276355}.Release|Any CPU.ActiveCfg = Release|Any CPU
		{D82C33E8-F727-4691-B0F1-5AB2FA276355}.Release|Any CPU.Build.0 = Release|Any CPU
		{D82C33E8-F727-4691-B0F1-5AB2FA276355}.Release|x64.ActiveCfg = Release|Any CPU
		{D82C33E8-F727-4691-B0F1-5AB2FA276355}.Release|x64.Build.0 = Release|Any CPU
		{D82C33E8-F727-4691-B0F1-5AB2FA276355}.Release|x86.ActiveCfg = Release|Any CPU
		{D82C33E8-F727-4691-B0F1-5AB2FA276355}.Release|x86.Build.0 = Release|Any CPU
		{81E0A991-C6F4-41A9-8E0E-1D5C9EE6E742}.Debug|Any CPU.ActiveCfg = Debug|Any CPU
		{81E0A991-C6F4-41A9-8E0E-1D5C9EE6E742}.Debug|Any CPU.Build.0 = Debug|Any CPU
		{81E0A991-C6F4-41A9-8E0E-1D5C9EE6E742}.Debug|x64.ActiveCfg = Debug|Any CPU
		{81E0A991-C6F4-41A9-8E0E-1D5C9EE6E742}.Debug|x64.Build.0 = Debug|Any CPU
		{81E0A991-C6F4-41A9-8E0E-1D5C9EE6E742}.Debug|x86.ActiveCfg = Debug|Any CPU
		{81E0A991-C6F4-41A9-8E0E-1D5C9EE6E742}.Debug|x86.Build.0 = Debug|Any CPU
		{81E0A991-C6F4-41A9-8E0E-1D5C9EE6E742}.Release|Any CPU.ActiveCfg = Release|Any CPU
		{81E0A991-C6F4-41A9-8E0E-1D5C9EE6E742}.Release|Any CPU.Build.0 = Release|Any CPU
		{81E0A991-C6F4-41A9-8E0E-1D5C9EE6E742}.Release|x64.ActiveCfg = Release|Any CPU
		{81E0A991-C6F4-41A9-8E0E-1D5C9EE6E742}.Release|x64.Build.0 = Release|Any CPU
		{81E0A991-C6F4-41A9-8E0E-1D5C9EE6E742}.Release|x86.ActiveCfg = Release|Any CPU
		{81E0A991-C6F4-41A9-8E0E-1D5C9EE6E742}.Release|x86.Build.0 = Release|Any CPU
		{D3A76C32-7AF4-4AF0-92BF-76C3EAF80932}.Debug|Any CPU.ActiveCfg = Debug|Any CPU
		{D3A76C32-7AF4-4AF0-92BF-76C3EAF80932}.Debug|Any CPU.Build.0 = Debug|Any CPU
		{D3A76C32-7AF4-4AF0-92BF-76C3EAF80932}.Debug|x64.ActiveCfg = Debug|Any CPU
		{D3A76C32-7AF4-4AF0-92BF-76C3EAF80932}.Debug|x64.Build.0 = Debug|Any CPU
		{D3A76C32-7AF4-4AF0-92BF-76C3EAF80932}.Debug|x86.ActiveCfg = Debug|Any CPU
		{D3A76C32-7AF4-4AF0-92BF-76C3EAF80932}.Debug|x86.Build.0 = Debug|Any CPU
		{D3A76C32-7AF4-4AF0-92BF-76C3EAF80932}.Release|Any CPU.ActiveCfg = Release|Any CPU
		{D3A76C32-7AF4-4AF0-92BF-76C3EAF80932}.Release|Any CPU.Build.0 = Release|Any CPU
		{D3A76C32-7AF4-4AF0-92BF-76C3EAF80932}.Release|x64.ActiveCfg = Release|Any CPU
		{D3A76C32-7AF4-4AF0-92BF-76C3EAF80932}.Release|x64.Build.0 = Release|Any CPU
		{D3A76C32-7AF4-4AF0-92BF-76C3EAF80932}.Release|x86.ActiveCfg = Release|Any CPU
		{D3A76C32-7AF4-4AF0-92BF-76C3EAF80932}.Release|x86.Build.0 = Release|Any CPU
		{481AFC09-969A-485A-9002-3EBEBA487C73}.Debug|Any CPU.ActiveCfg = Debug|Any CPU
		{481AFC09-969A-485A-9002-3EBEBA487C73}.Debug|Any CPU.Build.0 = Debug|Any CPU
		{481AFC09-969A-485A-9002-3EBEBA487C73}.Debug|x64.ActiveCfg = Debug|Any CPU
		{481AFC09-969A-485A-9002-3EBEBA487C73}.Debug|x64.Build.0 = Debug|Any CPU
		{481AFC09-969A-485A-9002-3EBEBA487C73}.Debug|x86.ActiveCfg = Debug|Any CPU
		{481AFC09-969A-485A-9002-3EBEBA487C73}.Debug|x86.Build.0 = Debug|Any CPU
		{481AFC09-969A-485A-9002-3EBEBA487C73}.Release|Any CPU.ActiveCfg = Release|Any CPU
		{481AFC09-969A-485A-9002-3EBEBA487C73}.Release|Any CPU.Build.0 = Release|Any CPU
		{481AFC09-969A-485A-9002-3EBEBA487C73}.Release|x64.ActiveCfg = Release|Any CPU
		{481AFC09-969A-485A-9002-3EBEBA487C73}.Release|x64.Build.0 = Release|Any CPU
		{481AFC09-969A-485A-9002-3EBEBA487C73}.Release|x86.ActiveCfg = Release|Any CPU
		{481AFC09-969A-485A-9002-3EBEBA487C73}.Release|x86.Build.0 = Release|Any CPU
		{FFFAD9E8-5A4E-4FD5-B980-78335ED9AD46}.Debug|Any CPU.ActiveCfg = Debug|Any CPU
		{FFFAD9E8-5A4E-4FD5-B980-78335ED9AD46}.Debug|Any CPU.Build.0 = Debug|Any CPU
		{FFFAD9E8-5A4E-4FD5-B980-78335ED9AD46}.Debug|x64.ActiveCfg = Debug|Any CPU
		{FFFAD9E8-5A4E-4FD5-B980-78335ED9AD46}.Debug|x64.Build.0 = Debug|Any CPU
		{FFFAD9E8-5A4E-4FD5-B980-78335ED9AD46}.Debug|x86.ActiveCfg = Debug|Any CPU
		{FFFAD9E8-5A4E-4FD5-B980-78335ED9AD46}.Debug|x86.Build.0 = Debug|Any CPU
		{FFFAD9E8-5A4E-4FD5-B980-78335ED9AD46}.Release|Any CPU.ActiveCfg = Release|Any CPU
		{FFFAD9E8-5A4E-4FD5-B980-78335ED9AD46}.Release|Any CPU.Build.0 = Release|Any CPU
		{FFFAD9E8-5A4E-4FD5-B980-78335ED9AD46}.Release|x64.ActiveCfg = Release|Any CPU
		{FFFAD9E8-5A4E-4FD5-B980-78335ED9AD46}.Release|x64.Build.0 = Release|Any CPU
		{FFFAD9E8-5A4E-4FD5-B980-78335ED9AD46}.Release|x86.ActiveCfg = Release|Any CPU
		{FFFAD9E8-5A4E-4FD5-B980-78335ED9AD46}.Release|x86.Build.0 = Release|Any CPU
		{6D924137-8841-40E6-9A0C-C166757B062C}.Debug|Any CPU.ActiveCfg = Debug|Any CPU
		{6D924137-8841-40E6-9A0C-C166757B062C}.Debug|Any CPU.Build.0 = Debug|Any CPU
		{6D924137-8841-40E6-9A0C-C166757B062C}.Debug|x64.ActiveCfg = Debug|Any CPU
		{6D924137-8841-40E6-9A0C-C166757B062C}.Debug|x64.Build.0 = Debug|Any CPU
		{6D924137-8841-40E6-9A0C-C166757B062C}.Debug|x86.ActiveCfg = Debug|Any CPU
		{6D924137-8841-40E6-9A0C-C166757B062C}.Debug|x86.Build.0 = Debug|Any CPU
		{6D924137-8841-40E6-9A0C-C166757B062C}.Release|Any CPU.ActiveCfg = Release|Any CPU
		{6D924137-8841-40E6-9A0C-C166757B062C}.Release|Any CPU.Build.0 = Release|Any CPU
		{6D924137-8841-40E6-9A0C-C166757B062C}.Release|x64.ActiveCfg = Release|Any CPU
		{6D924137-8841-40E6-9A0C-C166757B062C}.Release|x64.Build.0 = Release|Any CPU
		{6D924137-8841-40E6-9A0C-C166757B062C}.Release|x86.ActiveCfg = Release|Any CPU
		{6D924137-8841-40E6-9A0C-C166757B062C}.Release|x86.Build.0 = Release|Any CPU
	EndGlobalSection
	GlobalSection(SolutionProperties) = preSolution
		HideSolutionNode = FALSE
	EndGlobalSection
	GlobalSection(NestedProjects) = preSolution
		{B8D21251-2529-466A-B304-D80834A55E06} = {4A2BBF7F-BBB4-4321-ADEE-6A8AFEFF4FC2}
	EndGlobalSection
	GlobalSection(ExtensibilityGlobals) = postSolution
		SolutionGuid = {B17446D2-7543-4653-923A-558989B209D0}
	EndGlobalSection
EndGlobal
